// !$*UTF8*$!
{
	archiveVersion = 1;
	classes = {
	};
	objectVersion = 56;
	objects = {

/* Begin PBXBuildFile section */
		AD57A5662967D8AA0057A28D /* RecipeResponse.swift in Sources */ = {isa = PBXBuildFile; fileRef = AD57A5652967D8AA0057A28D /* RecipeResponse.swift */; };
		AD57A5682967D9190057A28D /* RequestManager.swift in Sources */ = {isa = PBXBuildFile; fileRef = AD57A5672967D9190057A28D /* RequestManager.swift */; };
		AD6324AB2953F27E00131E6C /* Grocery_BuddyApp.swift in Sources */ = {isa = PBXBuildFile; fileRef = AD6324AA2953F27E00131E6C /* Grocery_BuddyApp.swift */; };
		AD6324AD2953F27E00131E6C /* GroceryListView.swift in Sources */ = {isa = PBXBuildFile; fileRef = AD6324AC2953F27E00131E6C /* GroceryListView.swift */; };
		AD6324AF2953F27F00131E6C /* Assets.xcassets in Resources */ = {isa = PBXBuildFile; fileRef = AD6324AE2953F27F00131E6C /* Assets.xcassets */; };
		AD6324B22953F27F00131E6C /* Preview Assets.xcassets in Resources */ = {isa = PBXBuildFile; fileRef = AD6324B12953F27F00131E6C /* Preview Assets.xcassets */; };
		AD6324B9295510D800131E6C /* RecipiesContentView.swift in Sources */ = {isa = PBXBuildFile; fileRef = AD6324B8295510D700131E6C /* RecipiesContentView.swift */; };
		AD6324BC2955113500131E6C /* Grocery.swift in Sources */ = {isa = PBXBuildFile; fileRef = AD6324BB2955113500131E6C /* Grocery.swift */; };
		AD897A31295E51B700E4A783 /* Icons.swift in Sources */ = {isa = PBXBuildFile; fileRef = AD897A30295E51B700E4A783 /* Icons.swift */; };
		ADCA7B84295FEEA70064E7D0 /* RecipeCards.swift in Sources */ = {isa = PBXBuildFile; fileRef = ADCA7B83295FEEA70064E7D0 /* RecipeCards.swift */; };
		ADD929CE2965252100B2186E /* RecipeDetails.swift in Sources */ = {isa = PBXBuildFile; fileRef = ADD929CD2965252100B2186E /* RecipeDetails.swift */; };
/* End PBXBuildFile section */

/* Begin PBXFileReference section */
		AD57A5652967D8AA0057A28D /* RecipeResponse.swift */ = {isa = PBXFileReference; lastKnownFileType = sourcecode.swift; path = RecipeResponse.swift; sourceTree = "<group>"; };
		AD57A5672967D9190057A28D /* RequestManager.swift */ = {isa = PBXFileReference; lastKnownFileType = sourcecode.swift; path = RequestManager.swift; sourceTree = "<group>"; };
		AD6324A72953F27E00131E6C /* Grocery Buddy.app */ = {isa = PBXFileReference; explicitFileType = wrapper.application; includeInIndex = 0; path = "Grocery Buddy.app"; sourceTree = BUILT_PRODUCTS_DIR; };
		AD6324AA2953F27E00131E6C /* Grocery_BuddyApp.swift */ = {isa = PBXFileReference; lastKnownFileType = sourcecode.swift; path = Grocery_BuddyApp.swift; sourceTree = "<group>"; };
		AD6324AC2953F27E00131E6C /* GroceryListView.swift */ = {isa = PBXFileReference; lastKnownFileType = sourcecode.swift; path = GroceryListView.swift; sourceTree = "<group>"; };
		AD6324AE2953F27F00131E6C /* Assets.xcassets */ = {isa = PBXFileReference; lastKnownFileType = folder.assetcatalog; path = Assets.xcassets; sourceTree = "<group>"; };
		AD6324B12953F27F00131E6C /* Preview Assets.xcassets */ = {isa = PBXFileReference; lastKnownFileType = folder.assetcatalog; path = "Preview Assets.xcassets"; sourceTree = "<group>"; };
		AD6324B8295510D700131E6C /* RecipiesContentView.swift */ = {isa = PBXFileReference; lastKnownFileType = sourcecode.swift; path = RecipiesContentView.swift; sourceTree = "<group>"; };
		AD6324BB2955113500131E6C /* Grocery.swift */ = {isa = PBXFileReference; lastKnownFileType = sourcecode.swift; path = Grocery.swift; sourceTree = "<group>"; };
		AD897A30295E51B700E4A783 /* Icons.swift */ = {isa = PBXFileReference; lastKnownFileType = sourcecode.swift; path = Icons.swift; sourceTree = "<group>"; };
		ADCA7B83295FEEA70064E7D0 /* RecipeCards.swift */ = {isa = PBXFileReference; lastKnownFileType = sourcecode.swift; path = RecipeCards.swift; sourceTree = "<group>"; };
		ADD929CD2965252100B2186E /* RecipeDetails.swift */ = {isa = PBXFileReference; lastKnownFileType = sourcecode.swift; path = RecipeDetails.swift; sourceTree = "<group>"; };
/* End PBXFileReference section */

/* Begin PBXFrameworksBuildPhase section */
		AD6324A42953F27E00131E6C /* Frameworks */ = {
			isa = PBXFrameworksBuildPhase;
			buildActionMask = 2147483647;
			files = (
			);
			runOnlyForDeploymentPostprocessing = 0;
		};
/* End PBXFrameworksBuildPhase section */

/* Begin PBXGroup section */
		AD57A5692967D9250057A28D /* Edamam API */ = {
			isa = PBXGroup;
			children = (
				AD57A5652967D8AA0057A28D /* RecipeResponse.swift */,
				AD57A5672967D9190057A28D /* RequestManager.swift */,
			);
			path = "Edamam API";
			sourceTree = "<group>";
		};
		AD57A56A2967E3BD0057A28D /* Recipes Search */ = {
			isa = PBXGroup;
			children = (
				ADCA7B83295FEEA70064E7D0 /* RecipeCards.swift */,
			);
			path = "Recipes Search";
			sourceTree = "<group>";
		};
		AD63249E2953F27E00131E6C = {
			isa = PBXGroup;
			children = (
				AD6324A92953F27E00131E6C /* Grocery Buddy */,
				AD6324A82953F27E00131E6C /* Products */,
			);
			sourceTree = "<group>";
		};
		AD6324A82953F27E00131E6C /* Products */ = {
			isa = PBXGroup;
			children = (
				AD6324A72953F27E00131E6C /* Grocery Buddy.app */,
			);
			name = Products;
			sourceTree = "<group>";
		};
		AD6324A92953F27E00131E6C /* Grocery Buddy */ = {
			isa = PBXGroup;
			children = (
				AD6324BA2955111C00131E6C /* Models  */,
				AD6324AA2953F27E00131E6C /* Grocery_BuddyApp.swift */,
				AD6324AC2953F27E00131E6C /* GroceryListView.swift */,
				AD6324B8295510D700131E6C /* RecipiesContentView.swift */,
				ADD929CD2965252100B2186E /* RecipeDetails.swift */,
				AD6324AE2953F27F00131E6C /* Assets.xcassets */,
				ADCA7B82295FEE890064E7D0 /* Views */,
				AD897A30295E51B700E4A783 /* Icons.swift */,
				AD6324B02953F27F00131E6C /* Preview Content */,
			);
			path = "Grocery Buddy";
			sourceTree = "<group>";
		};
		AD6324B02953F27F00131E6C /* Preview Content */ = {
			isa = PBXGroup;
			children = (
				AD6324B12953F27F00131E6C /* Preview Assets.xcassets */,
			);
			path = "Preview Content";
			sourceTree = "<group>";
		};
		AD6324BA2955111C00131E6C /* Models  */ = {
			isa = PBXGroup;
			children = (
				AD6324BB2955113500131E6C /* Grocery.swift */,
				AD57A5692967D9250057A28D /* Edamam API */,
			);
			name = "Models ";
			sourceTree = "<group>";
		};
		ADCA7B82295FEE890064E7D0 /* Views */ = {
			isa = PBXGroup;
			children = (
				AD57A56A2967E3BD0057A28D /* Recipes Search */,
			);
			path = Views;
			sourceTree = "<group>";
		};
/* End PBXGroup section */

/* Begin PBXNativeTarget section */
		AD6324A62953F27E00131E6C /* Grocery Buddy */ = {
			isa = PBXNativeTarget;
			buildConfigurationList = AD6324B52953F27F00131E6C /* Build configuration list for PBXNativeTarget "Grocery Buddy" */;
			buildPhases = (
				AD6324A32953F27E00131E6C /* Sources */,
				AD6324A42953F27E00131E6C /* Frameworks */,
				AD6324A52953F27E00131E6C /* Resources */,
			);
			buildRules = (
			);
			dependencies = (
			);
			name = "Grocery Buddy";
			productName = "Grocery Buddy";
			productReference = AD6324A72953F27E00131E6C /* Grocery Buddy.app */;
			productType = "com.apple.product-type.application";
		};
/* End PBXNativeTarget section */

/* Begin PBXProject section */
		AD63249F2953F27E00131E6C /* Project object */ = {
			isa = PBXProject;
			attributes = {
				BuildIndependentTargetsInParallel = 1;
				LastSwiftUpdateCheck = 1400;
				LastUpgradeCheck = 1400;
				TargetAttributes = {
					AD6324A62953F27E00131E6C = {
						CreatedOnToolsVersion = 14.0;
					};
				};
			};
			buildConfigurationList = AD6324A22953F27E00131E6C /* Build configuration list for PBXProject "Grocery Buddy" */;
			compatibilityVersion = "Xcode 14.0";
			developmentRegion = en;
			hasScannedForEncodings = 0;
			knownRegions = (
				en,
				Base,
			);
			mainGroup = AD63249E2953F27E00131E6C;
			productRefGroup = AD6324A82953F27E00131E6C /* Products */;
			projectDirPath = "";
			projectRoot = "";
			targets = (
				AD6324A62953F27E00131E6C /* Grocery Buddy */,
			);
		};
/* End PBXProject section */

/* Begin PBXResourcesBuildPhase section */
		AD6324A52953F27E00131E6C /* Resources */ = {
			isa = PBXResourcesBuildPhase;
			buildActionMask = 2147483647;
			files = (
				AD6324B22953F27F00131E6C /* Preview Assets.xcassets in Resources */,
				AD6324AF2953F27F00131E6C /* Assets.xcassets in Resources */,
			);
			runOnlyForDeploymentPostprocessing = 0;
		};
/* End PBXResourcesBuildPhase section */

/* Begin PBXSourcesBuildPhase section */
		AD6324A32953F27E00131E6C /* Sources */ = {
			isa = PBXSourcesBuildPhase;
			buildActionMask = 2147483647;
			files = (
				AD6324AD2953F27E00131E6C /* GroceryListView.swift in Sources */,
				AD6324AB2953F27E00131E6C /* Grocery_BuddyApp.swift in Sources */,
				AD6324B9295510D800131E6C /* RecipiesContentView.swift in Sources */,
				ADCA7B84295FEEA70064E7D0 /* RecipeCards.swift in Sources */,
				AD897A31295E51B700E4A783 /* Icons.swift in Sources */,
				ADD929CE2965252100B2186E /* RecipeDetails.swift in Sources */,
				AD57A5682967D9190057A28D /* RequestManager.swift in Sources */,
				AD57A5662967D8AA0057A28D /* RecipeResponse.swift in Sources */,
				AD6324BC2955113500131E6C /* Grocery.swift in Sources */,
			);
			runOnlyForDeploymentPostprocessing = 0;
		};
/* End PBXSourcesBuildPhase section */

/* Begin XCBuildConfiguration section */
		AD6324B32953F27F00131E6C /* Debug */ = {
			isa = XCBuildConfiguration;
			buildSettings = {
				ALWAYS_SEARCH_USER_PATHS = NO;
				CLANG_ANALYZER_NONNULL = YES;
				CLANG_ANALYZER_NUMBER_OBJECT_CONVERSION = YES_AGGRESSIVE;
				CLANG_CXX_LANGUAGE_STANDARD = "gnu++20";
				CLANG_ENABLE_MODULES = YES;
				CLANG_ENABLE_OBJC_ARC = YES;
				CLANG_ENABLE_OBJC_WEAK = YES;
				CLANG_WARN_BLOCK_CAPTURE_AUTORELEASING = YES;
				CLANG_WARN_BOOL_CONVERSION = YES;
				CLANG_WARN_COMMA = YES;
				CLANG_WARN_CONSTANT_CONVERSION = YES;
				CLANG_WARN_DEPRECATED_OBJC_IMPLEMENTATIONS = YES;
				CLANG_WARN_DIRECT_OBJC_ISA_USAGE = YES_ERROR;
				CLANG_WARN_DOCUMENTATION_COMMENTS = YES;
				CLANG_WARN_EMPTY_BODY = YES;
				CLANG_WARN_ENUM_CONVERSION = YES;
				CLANG_WARN_INFINITE_RECURSION = YES;
				CLANG_WARN_INT_CONVERSION = YES;
				CLANG_WARN_NON_LITERAL_NULL_CONVERSION = YES;
				CLANG_WARN_OBJC_IMPLICIT_RETAIN_SELF = YES;
				CLANG_WARN_OBJC_LITERAL_CONVERSION = YES;
				CLANG_WARN_OBJC_ROOT_CLASS = YES_ERROR;
				CLANG_WARN_QUOTED_INCLUDE_IN_FRAMEWORK_HEADER = YES;
				CLANG_WARN_RANGE_LOOP_ANALYSIS = YES;
				CLANG_WARN_STRICT_PROTOTYPES = YES;
				CLANG_WARN_SUSPICIOUS_MOVE = YES;
				CLANG_WARN_UNGUARDED_AVAILABILITY = YES_AGGRESSIVE;
				CLANG_WARN_UNREACHABLE_CODE = YES;
				CLANG_WARN__DUPLICATE_METHOD_MATCH = YES;
				COPY_PHASE_STRIP = NO;
				DEBUG_INFORMATION_FORMAT = dwarf;
				ENABLE_STRICT_OBJC_MSGSEND = YES;
				ENABLE_TESTABILITY = YES;
				GCC_C_LANGUAGE_STANDARD = gnu11;
				GCC_DYNAMIC_NO_PIC = NO;
				GCC_NO_COMMON_BLOCKS = YES;
				GCC_OPTIMIZATION_LEVEL = 0;
				GCC_PREPROCESSOR_DEFINITIONS = (
					"DEBUG=1",
					"$(inherited)",
				);
				GCC_WARN_64_TO_32_BIT_CONVERSION = YES;
				GCC_WARN_ABOUT_RETURN_TYPE = YES_ERROR;
				GCC_WARN_UNDECLARED_SELECTOR = YES;
				GCC_WARN_UNINITIALIZED_AUTOS = YES_AGGRESSIVE;
				GCC_WARN_UNUSED_FUNCTION = YES;
				GCC_WARN_UNUSED_VARIABLE = YES;
				IPHONEOS_DEPLOYMENT_TARGET = 16.0;
				MTL_ENABLE_DEBUG_INFO = INCLUDE_SOURCE;
				MTL_FAST_MATH = YES;
				ONLY_ACTIVE_ARCH = YES;
				SDKROOT = iphoneos;
				SWIFT_ACTIVE_COMPILATION_CONDITIONS = DEBUG;
				SWIFT_OPTIMIZATION_LEVEL = "-Onone";
			};
			name = Debug;
		};
		AD6324B42953F27F00131E6C /* Release */ = {
			isa = XCBuildConfiguration;
			buildSettings = {
				ALWAYS_SEARCH_USER_PATHS = NO;
				CLANG_ANALYZER_NONNULL = YES;
				CLANG_ANALYZER_NUMBER_OBJECT_CONVERSION = YES_AGGRESSIVE;
				CLANG_CXX_LANGUAGE_STANDARD = "gnu++20";
				CLANG_ENABLE_MODULES = YES;
				CLANG_ENABLE_OBJC_ARC = YES;
				CLANG_ENABLE_OBJC_WEAK = YES;
				CLANG_WARN_BLOCK_CAPTURE_AUTORELEASING = YES;
				CLANG_WARN_BOOL_CONVERSION = YES;
				CLANG_WARN_COMMA = YES;
				CLANG_WARN_CONSTANT_CONVERSION = YES;
				CLANG_WARN_DEPRECATED_OBJC_IMPLEMENTATIONS = YES;
				CLANG_WARN_DIRECT_OBJC_ISA_USAGE = YES_ERROR;
				CLANG_WARN_DOCUMENTATION_COMMENTS = YES;
				CLANG_WARN_EMPTY_BODY = YES;
				CLANG_WARN_ENUM_CONVERSION = YES;
				CLANG_WARN_INFINITE_RECURSION = YES;
				CLANG_WARN_INT_CONVERSION = YES;
				CLANG_WARN_NON_LITERAL_NULL_CONVERSION = YES;
				CLANG_WARN_OBJC_IMPLICIT_RETAIN_SELF = YES;
				CLANG_WARN_OBJC_LITERAL_CONVERSION = YES;
				CLANG_WARN_OBJC_ROOT_CLASS = YES_ERROR;
				CLANG_WARN_QUOTED_INCLUDE_IN_FRAMEWORK_HEADER = YES;
				CLANG_WARN_RANGE_LOOP_ANALYSIS = YES;
				CLANG_WARN_STRICT_PROTOTYPES = YES;
				CLANG_WARN_SUSPICIOUS_MOVE = YES;
				CLANG_WARN_UNGUARDED_AVAILABILITY = YES_AGGRESSIVE;
				CLANG_WARN_UNREACHABLE_CODE = YES;
				CLANG_WARN__DUPLICATE_METHOD_MATCH = YES;
				COPY_PHASE_STRIP = NO;
				DEBUG_INFORMATION_FORMAT = "dwarf-with-dsym";
				ENABLE_NS_ASSERTIONS = NO;
				ENABLE_STRICT_OBJC_MSGSEND = YES;
				GCC_C_LANGUAGE_STANDARD = gnu11;
				GCC_NO_COMMON_BLOCKS = YES;
				GCC_WARN_64_TO_32_BIT_CONVERSION = YES;
				GCC_WARN_ABOUT_RETURN_TYPE = YES_ERROR;
				GCC_WARN_UNDECLARED_SELECTOR = YES;
				GCC_WARN_UNINITIALIZED_AUTOS = YES_AGGRESSIVE;
				GCC_WARN_UNUSED_FUNCTION = YES;
				GCC_WARN_UNUSED_VARIABLE = YES;
				IPHONEOS_DEPLOYMENT_TARGET = 16.0;
				MTL_ENABLE_DEBUG_INFO = NO;
				MTL_FAST_MATH = YES;
				SDKROOT = iphoneos;
				SWIFT_COMPILATION_MODE = wholemodule;
				SWIFT_OPTIMIZATION_LEVEL = "-O";
				VALIDATE_PRODUCT = YES;
			};
			name = Release;
		};
		AD6324B62953F27F00131E6C /* Debug */ = {
			isa = XCBuildConfiguration;
			buildSettings = {
				ASSETCATALOG_COMPILER_APPICON_NAME = AppIcon;
				ASSETCATALOG_COMPILER_GLOBAL_ACCENT_COLOR_NAME = AccentColor;
				CODE_SIGN_STYLE = Automatic;
				CURRENT_PROJECT_VERSION = 1;
				DEVELOPMENT_ASSET_PATHS = "\"Grocery Buddy/Preview Content\"";
				DEVELOPMENT_TEAM = QN76D24532;
				ENABLE_PREVIEWS = YES;
				GENERATE_INFOPLIST_FILE = YES;
				INFOPLIST_KEY_UIApplicationSceneManifest_Generation = YES;
				INFOPLIST_KEY_UIApplicationSupportsIndirectInputEvents = YES;
				INFOPLIST_KEY_UILaunchScreen_Generation = YES;
				INFOPLIST_KEY_UISupportedInterfaceOrientations_iPad = "UIInterfaceOrientationPortrait UIInterfaceOrientationPortraitUpsideDown UIInterfaceOrientationLandscapeLeft UIInterfaceOrientationLandscapeRight";
				INFOPLIST_KEY_UISupportedInterfaceOrientations_iPhone = "UIInterfaceOrientationPortrait UIInterfaceOrientationLandscapeLeft UIInterfaceOrientationLandscapeRight";
				LD_RUNPATH_SEARCH_PATHS = (
					"$(inherited)",
					"@executable_path/Frameworks",
				);
				MARKETING_VERSION = 1.0;
				PRODUCT_BUNDLE_IDENTIFIER = "com.example.Grocery-Buddy";
				PRODUCT_NAME = "$(TARGET_NAME)";
				SWIFT_EMIT_LOC_STRINGS = YES;
				SWIFT_VERSION = 5.0;
				TARGETED_DEVICE_FAMILY = "1,2";
			};
			name = Debug;
		};
		AD6324B72953F27F00131E6C /* Release */ = {
			isa = XCBuildConfiguration;
			buildSettings = {
				ASSETCATALOG_COMPILER_APPICON_NAME = AppIcon;
				ASSETCATALOG_COMPILER_GLOBAL_ACCENT_COLOR_NAME = AccentColor;
				CODE_SIGN_STYLE = Automatic;
				CURRENT_PROJECT_VERSION = 1;
				DEVELOPMENT_ASSET_PATHS = "\"Grocery Buddy/Preview Content\"";
				DEVELOPMENT_TEAM = QN76D24532;
				ENABLE_PREVIEWS = YES;
				GENERATE_INFOPLIST_FILE = YES;
				INFOPLIST_KEY_UIApplicationSceneManifest_Generation = YES;
				INFOPLIST_KEY_UIApplicationSupportsIndirectInputEvents = YES;
				INFOPLIST_KEY_UILaunchScreen_Generation = YES;
				INFOPLIST_KEY_UISupportedInterfaceOrientations_iPad = "UIInterfaceOrientationPortrait UIInterfaceOrientationPortraitUpsideDown UIInterfaceOrientationLandscapeLeft UIInterfaceOrientationLandscapeRight";
				INFOPLIST_KEY_UISupportedInterfaceOrientations_iPhone = "UIInterfaceOrientationPortrait UIInterfaceOrientationLandscapeLeft UIInterfaceOrientationLandscapeRight";
				LD_RUNPATH_SEARCH_PATHS = (
					"$(inherited)",
					"@executable_path/Frameworks",
				);
				MARKETING_VERSION = 1.0;
				PRODUCT_BUNDLE_IDENTIFIER = "com.example.Grocery-Buddy";
				PRODUCT_NAME = "$(TARGET_NAME)";
				SWIFT_EMIT_LOC_STRINGS = YES;
				SWIFT_VERSION = 5.0;
				TARGETED_DEVICE_FAMILY = "1,2";
			};
			name = Release;
		};
/* End XCBuildConfiguration section */

/* Begin XCConfigurationList section */
		AD6324A22953F27E00131E6C /* Build configuration list for PBXProject "Grocery Buddy" */ = {
			isa = XCConfigurationList;
			buildConfigurations = (
				AD6324B32953F27F00131E6C /* Debug */,
				AD6324B42953F27F00131E6C /* Release */,
			);
			defaultConfigurationIsVisible = 0;
			defaultConfigurationName = Release;
		};
		AD6324B52953F27F00131E6C /* Build configuration list for PBXNativeTarget "Grocery Buddy" */ = {
			isa = XCConfigurationList;
			buildConfigurations = (
				AD6324B62953F27F00131E6C /* Debug */,
				AD6324B72953F27F00131E6C /* Release */,
			);
			defaultConfigurationIsVisible = 0;
			defaultConfigurationName = Release;
		};
/* End XCConfigurationList section */
	};
	rootObject = AD63249F2953F27E00131E6C /* Project object */;
}
